{
  "name": "portfolio-site",
  "lockfileVersion": 2,
  "requires": true,
  "packages": {
    "": {
      "dependencies": {
        "claymorphism-css": "^1.0.5"
      }
    },
    "node_modules/claymorphism-css": {
      "version": "1.0.5",
      "resolved": "https://registry.npmjs.org/claymorphism-css/-/claymorphism-css-1.0.5.tgz",
      "integrity": "sha512-jbEmVsboW70OHgXRaWLWpVZT22AdrsV8kDWdalxPyqsAx5GJnBFMhHkrMAPof9PqB0sMx/axSXNJshd+OQgT3g==",
      "funding": {
        "url": "https://www.buymeacoffee.com/ubnZ8GgDJ"
      }
    }
  },
  "dependencies": {
    "claymorphism-css": {
      "version": "1.0.5",
      "resolved": "https://registry.npmjs.org/claymorphism-css/-/claymorphism-css-1.0.5.tgz",
      "integrity": "sha512-jbEmVsboW70OHgXRaWLWpVZT22AdrsV8kDWdalxPyqsAx5GJnBFMhHkrMAPof9PqB0sMx/axSXNJshd+OQgT3g=="
    }
  }
}
